<?xml version="1.0" encoding="utf-8"?>
<Project ToolsVersion="4.0" xmlns="http://schemas.microsoft.com/developer/msbuild/2003">
  <ItemGroup>
    <Filter Include="Source Files">
      <UniqueIdentifier>{4FC737F1-C7A5-4376-A066-2A32D752A2FF}</UniqueIdentifier>
      <Extensions>cpp;c;cc;cxx;c++;cppm;ixx;def;odl;idl;hpj;bat;asm;asmx</Extensions>
    </Filter>
    <Filter Include="Header Files">
      <UniqueIdentifier>{93995380-89BD-4b04-88EB-625FBE52EBFB}</UniqueIdentifier>
      <Extensions>h;hh;hpp;hxx;h++;hm;inl;inc;ipp;xsd</Extensions>
    </Filter>
    <Filter Include="Resource Files">
      <UniqueIdentifier>{67DA6AB6-F800-4c08-8B7A-83BB121AAD01}</UniqueIdentifier>
      <Extensions>rc;ico;cur;bmp;dlg;rc2;rct;bin;rgs;gif;jpg;jpeg;jpe;resx;tiff;tif;png;wav;mfcribbon-ms</Extensions>
    </Filter>
  </ItemGroup>
  <ItemGroup>
    <ClCompile Include="classlayout_ui.cpp">
      <Filter>Source Files</Filter>
    </ClCompile>
    <ClCompile Include="bodoq_engine\debug.cpp">
      <Filter>Source Files</Filter>
    </ClCompile>
    <ClCompile Include="bodoq_engine\file.cpp">
      <Filter>Source Files</Filter>
    </ClCompile>
    <ClCompile Include="bodoq_engine\filesystem.cpp">
      <Filter>Source Files</Filter>
    </ClCompile>
    <ClCompile Include="bodoq_engine\gpu.cpp">
      <Filter>Source Files</Filter>
    </ClCompile>
    <ClCompile Include="bodoq_engine\hash.cpp">
      <Filter>Source Files</Filter>
    </ClCompile>
    <ClCompile Include="bodoq_engine\input.cpp">
      <Filter>Source Files</Filter>
    </ClCompile>
    <ClCompile Include="bodoq_engine\json.cpp">
      <Filter>Source Files</Filter>
    </ClCompile>
    <ClCompile Include="bodoq_engine\math.cpp">
      <Filter>Source Files</Filter>
    </ClCompile>
    <ClCompile Include="bodoq_engine\memory.cpp">
      <Filter>Source Files</Filter>
    </ClCompile>
    <ClCompile Include="bodoq_engine\pix.cpp">
      <Filter>Source Files</Filter>
    </ClCompile>
    <ClCompile Include="bodoq_engine\render_graph.cpp">
      <Filter>Source Files</Filter>
    </ClCompile>
    <ClCompile Include="bodoq_engine\string.cpp">
      <Filter>Source Files</Filter>
    </ClCompile>
    <ClCompile Include="bodoq_engine\time.cpp">
      <Filter>Source Files</Filter>
    </ClCompile>
    <ClCompile Include="bodoq_engine\window.cpp">
      <Filter>Source Files</Filter>
    </ClCompile>
    <ClCompile Include="imgui_renderer.cpp">
      <Filter>Source Files</Filter>
    </ClCompile>
    <ClCompile Include="imgui\imgui.cpp">
      <Filter>Source Files</Filter>
    </ClCompile>
    <ClCompile Include="imgui\imgui_demo.cpp">
      <Filter>Source Files</Filter>
    </ClCompile>
    <ClCompile Include="imgui\imgui_draw.cpp">
      <Filter>Source Files</Filter>
    </ClCompile>
    <ClCompile Include="imgui\imgui_tables.cpp">
      <Filter>Source Files</Filter>
    </ClCompile>
    <ClCompile Include="imgui\imgui_widgets.cpp">
      <Filter>Source Files</Filter>
    </ClCompile>
  </ItemGroup>
  <ItemGroup>
    <ClInclude Include="bodoq_engine\array.h">
      <Filter>Header Files</Filter>
    </ClInclude>
    <ClInclude Include="bodoq_engine\debug.h">
      <Filter>Header Files</Filter>
    </ClInclude>
    <ClInclude Include="bodoq_engine\file.h">
      <Filter>Header Files</Filter>
    </ClInclude>
    <ClInclude Include="bodoq_engine\filesystem.h">
      <Filter>Header Files</Filter>
    </ClInclude>
    <ClInclude Include="bodoq_engine\function.h">
      <Filter>Header Files</Filter>
    </ClInclude>
    <ClInclude Include="bodoq_engine\gpu.h">
      <Filter>Header Files</Filter>
    </ClInclude>
    <ClInclude Include="bodoq_engine\hash.h">
      <Filter>Header Files</Filter>
    </ClInclude>
    <ClInclude Include="bodoq_engine\hash_table.h">
      <Filter>Header Files</Filter>
    </ClInclude>
    <ClInclude Include="bodoq_engine\input.h">
      <Filter>Header Files</Filter>
    </ClInclude>
    <ClInclude Include="bodoq_engine\json.h">
      <Filter>Header Files</Filter>
    </ClInclude>
    <ClInclude Include="bodoq_engine\math.h">
      <Filter>Header Files</Filter>
    </ClInclude>
    <ClInclude Include="bodoq_engine\memory.h">
      <Filter>Header Files</Filter>
    </ClInclude>
    <ClInclude Include="bodoq_engine\pix.h">
      <Filter>Header Files</Filter>
    </ClInclude>
    <ClInclude Include="bodoq_engine\ref_counter.h">
      <Filter>Header Files</Filter>
    </ClInclude>
    <ClInclude Include="bodoq_engine\render_graph.h">
      <Filter>Header Files</Filter>
    </ClInclude>
    <ClInclude Include="bodoq_engine\string.h">
      <Filter>Header Files</Filter>
    </ClInclude>
    <ClInclude Include="bodoq_engine\time.h">
      <Filter>Header Files</Filter>
    </ClInclude>
    <ClInclude Include="bodoq_engine\win32.h">
      <Filter>Header Files</Filter>
    </ClInclude>
    <ClInclude Include="bodoq_engine\window.h">
      <Filter>Header Files</Filter>
    </ClInclude>
    <ClInclude Include="imgui_renderer.h">
      <Filter>Header Files</Filter>
    </ClInclude>
    <ClInclude Include="imgui\imconfig.h">
      <Filter>Header Files</Filter>
    </ClInclude>
    <ClInclude Include="imgui\imgui.h">
      <Filter>Header Files</Filter>
    </ClInclude>
    <ClInclude Include="imgui\imgui_internal.h">
      <Filter>Header Files</Filter>
    </ClInclude>
    <ClInclude Include="imgui\imgui_ps.h">
      <Filter>Header Files</Filter>
    </ClInclude>
    <ClInclude Include="imgui\imgui_vs.h">
      <Filter>Header Files</Filter>
    </ClInclude>
    <ClInclude Include="imgui\imstb_rectpack.h">
      <Filter>Header Files</Filter>
    </ClInclude>
    <ClInclude Include="imgui\imstb_textedit.h">
      <Filter>Header Files</Filter>
    </ClInclude>
    <ClInclude Include="imgui\imstb_truetype.h">
      <Filter>Header Files</Filter>
    </ClInclude>
    <ClInclude Include="pdb.h">
      <Filter>Header Files</Filter>
    </ClInclude>
    <ClInclude Include="resource.h">
      <Filter>Header Files</Filter>
    </ClInclude>
  </ItemGroup>
  <ItemGroup>
    <Natvis Include="bodoq_engine\bodoq.natvis" />
  </ItemGroup>
  <ItemGroup>
    <ResourceCompile Include="Resource.rc">
      <Filter>Resource Files</Filter>
    </ResourceCompile>
  </ItemGroup>
  <ItemGroup>
    <Image Include="res\icon.png">
      <Filter>Resource Files</Filter>
    </Image>
    <Image Include="res\favicon.ico">
      <Filter>Resource Files</Filter>
    </Image>
  </ItemGroup>
</Project>